<Solution>
  <Folder Name="/tools/">
    <File Path=".editorconfig" />
    <File Path=".gitattributes" />
    <File Path=".gitignore" />
    <File Path="Directory.Build.props" />
    <File Path="Directory.Build.targets" />
  </Folder>
  <Project Path="SMH\StashManagementHelper.csproj" />
</Solution>
