
Microsoft Visual Studio Solution File, Format Version 12.00
# Visual Studio Version 17
VisualStudioVersion = 17.8.34525.116
MinimumVisualStudioVersion = 10.0.40219.1
Project("{9A19103F-16F7-4668-BE54-9A1E7A4F7556}") = "StashManagementHelper", "StashManagementHelper.csproj", "{CC994D53-F4D2-4755-92C5-A5139B42768E}"
EndProject
Global
	GlobalSection(SolutionConfigurationPlatforms) = preSolution
		Debug|Any CPU = Debug|Any CPU
		Release|Any CPU = Release|Any CPU
	EndGlobalSection
	GlobalSection(ProjectConfigurationPlatforms) = postSolution
		{CC994D53-F4D2-4755-92C5-A5139B42768E}.Debug|Any CPU.ActiveCfg = Debug|Any CPU
		{CC994D53-F4D2-4755-92C5-A5139B42768E}.Debug|Any CPU.Build.0 = Debug|Any CPU
		{CC994D53-F4D2-4755-92C5-A5139B42768E}.Release|Any CPU.ActiveCfg = Release|Any CPU
		{CC994D53-F4D2-4755-92C5-A5139B42768E}.Release|Any CPU.Build.0 = Release|Any CPU
	EndGlobalSection
	GlobalSection(SolutionProperties) = preSolution
		HideSolutionNode = FALSE
	EndGlobalSection
	GlobalSection(ExtensibilityGlobals) = postSolution
		SolutionGuid = {31EDA848-D377-4D3E-85B8-4FE3B9704626}
	EndGlobalSection
EndGlobal
